
Microsoft Visual Studio Solution File, Format Version 12.00
# Visual Studio Version 17
VisualStudioVersion = 17.8.34525.116
MinimumVisualStudioVersion = 10.0.40219.1
Project("{FAE04EC0-301F-11D3-BF4B-00C04F79EFBC}") = "MonitoringServis", "MonitoringServis\MonitoringServis.csproj", "{079E5FC4-6A2E-4A83-ADAA-85DC752C3095}"
EndProject
Global
	GlobalSection(SolutionConfigurationPlatforms) = preSolution
		Debug|Any CPU = Debug|Any CPU
		Release|Any CPU = Release|Any CPU
	EndGlobalSection
	GlobalSection(ProjectConfigurationPlatforms) = postSolution
		{079E5FC4-6A2E-4A83-ADAA-85DC752C3095}.Debug|Any CPU.ActiveCfg = Debug|Any CPU
		{079E5FC4-6A2E-4A83-ADAA-85DC752C3095}.Debug|Any CPU.Build.0 = Debug|Any CPU
		{079E5FC4-6A2E-4A83-ADAA-85DC752C3095}.Release|Any CPU.ActiveCfg = Release|Any CPU
		{079E5FC4-6A2E-4A83-ADAA-85DC752C3095}.Release|Any CPU.Build.0 = Release|Any CPU
	EndGlobalSection
	GlobalSection(SolutionProperties) = preSolution
		HideSolutionNode = FALSE
	EndGlobalSection
	GlobalSection(ExtensibilityGlobals) = postSolution
		SolutionGuid = {C5ACC6B3-B6E8-44CC-BB24-6190449B8190}
	EndGlobalSection
EndGlobal
